
Microsoft Visual Studio Solution File, Format Version 9.00
# Visual Studio 2005
Project("{E24C65DC-7377-472B-9ABA-BC803B73C61A}") = "C:\sample_lightbox_carousel\", "sample_lightbox_carousel\", "{90A17221-1F84-47A4-AF56-0852F7631FDD}"
	ProjectSection(WebsiteProperties) = preProject
		Debug.AspNetCompiler.VirtualPath = "/sample_lightbox_carousel"
		Debug.AspNetCompiler.PhysicalPath = "C:\sample_lightbox_carousel\"
		Debug.AspNetCompiler.TargetPath = "PrecompiledWeb\sample_lightbox_carousel\"
		Debug.AspNetCompiler.Updateable = "true"
		Debug.AspNetCompiler.ForceOverwrite = "true"
		Debug.AspNetCompiler.FixedNames = "false"
		Debug.AspNetCompiler.Debug = "True"
		Release.AspNetCompiler.VirtualPath = "/sample_lightbox_carousel"
		Release.AspNetCompiler.PhysicalPath = "C:\sample_lightbox_carousel\"
		Release.AspNetCompiler.TargetPath = "PrecompiledWeb\sample_lightbox_carousel\"
		Release.AspNetCompiler.Updateable = "true"
		Release.AspNetCompiler.ForceOverwrite = "true"
		Release.AspNetCompiler.FixedNames = "false"
		Release.AspNetCompiler.Debug = "False"
		VWDPort = "1884"
	EndProjectSection
EndProject
Global
	GlobalSection(SolutionConfigurationPlatforms) = preSolution
		Debug|.NET = Debug|.NET
	EndGlobalSection
	GlobalSection(ProjectConfigurationPlatforms) = postSolution
		{90A17221-1F84-47A4-AF56-0852F7631FDD}.Debug|.NET.ActiveCfg = Debug|.NET
		{90A17221-1F84-47A4-AF56-0852F7631FDD}.Debug|.NET.Build.0 = Debug|.NET
	EndGlobalSection
	GlobalSection(SolutionProperties) = preSolution
		HideSolutionNode = FALSE
	EndGlobalSection
EndGlobal
